// !$*UTF8*$!
{
	archiveVersion = 1;
	classes = {
	};
	objectVersion = 56;
	objects = {

/* Begin PBXBuildFile section */
		866D5FB02C14BDC60052AA97 /* Internet_SUIApp.swift in Sources */ = {isa = PBXBuildFile; fileRef = 866D5FAF2C14BDC60052AA97 /* Internet_SUIApp.swift */; };
		866D5FB22C14BDC60052AA97 /* ContentView.swift in Sources */ = {isa = PBXBuildFile; fileRef = 866D5FB12C14BDC60052AA97 /* ContentView.swift */; };
		866D5FB42C14BDC80052AA97 /* Assets.xcassets in Resources */ = {isa = PBXBuildFile; fileRef = 866D5FB32C14BDC80052AA97 /* Assets.xcassets */; };
		866D5FB72C14BDC80052AA97 /* Preview Assets.xcassets in Resources */ = {isa = PBXBuildFile; fileRef = 866D5FB62C14BDC80052AA97 /* Preview Assets.xcassets */; };
		866D5FBF2C14C0060052AA97 /* Network.framework in Frameworks */ = {isa = PBXBuildFile; fileRef = 866D5FBE2C14C0060052AA97 /* Network.framework */; };
		866D5FC12C14C06A0052AA97 /* InternetMonitor.swift in Sources */ = {isa = PBXBuildFile; fileRef = 866D5FC02C14C06A0052AA97 /* InternetMonitor.swift */; };
/* End PBXBuildFile section */

/* Begin PBXFileReference section */
		866D5FAC2C14BDC60052AA97 /* Internet-SUI.app */ = {isa = PBXFileReference; explicitFileType = wrapper.application; includeInIndex = 0; path = "Internet-SUI.app"; sourceTree = BUILT_PRODUCTS_DIR; };
		866D5FAF2C14BDC60052AA97 /* Internet_SUIApp.swift */ = {isa = PBXFileReference; lastKnownFileType = sourcecode.swift; path = Internet_SUIApp.swift; sourceTree = "<group>"; };
		866D5FB12C14BDC60052AA97 /* ContentView.swift */ = {isa = PBXFileReference; lastKnownFileType = sourcecode.swift; path = ContentView.swift; sourceTree = "<group>"; };
		866D5FB32C14BDC80052AA97 /* Assets.xcassets */ = {isa = PBXFileReference; lastKnownFileType = folder.assetcatalog; path = Assets.xcassets; sourceTree = "<group>"; };
		866D5FB62C14BDC80052AA97 /* Preview Assets.xcassets */ = {isa = PBXFileReference; lastKnownFileType = folder.assetcatalog; path = "Preview Assets.xcassets"; sourceTree = "<group>"; };
		866D5FBE2C14C0060052AA97 /* Network.framework */ = {isa = PBXFileReference; lastKnownFileType = wrapper.framework; name = Network.framework; path = System/Library/Frameworks/Network.framework; sourceTree = SDKROOT; };
		866D5FC02C14C06A0052AA97 /* InternetMonitor.swift */ = {isa = PBXFileReference; lastKnownFileType = sourcecode.swift; path = InternetMonitor.swift; sourceTree = "<group>"; };
/* End PBXFileReference section */

/* Begin PBXFrameworksBuildPhase section */
		866D5FA92C14BDC60052AA97 /* Frameworks */ = {
			isa = PBXFrameworksBuildPhase;
			buildActionMask = 2147483647;
			files = (
				866D5FBF2C14C0060052AA97 /* Network.framework in Frameworks */,
			);
			runOnlyForDeploymentPostprocessing = 0;
		};
/* End PBXFrameworksBuildPhase section */

/* Begin PBXGroup section */
		866D5FA32C14BDC60052AA97 = {
			isa = PBXGroup;
			children = (
				866D5FAE2C14BDC60052AA97 /* Internet-SUI */,
				866D5FAD2C14BDC60052AA97 /* Products */,
				866D5FBD2C14C0060052AA97 /* Frameworks */,
			);
			sourceTree = "<group>";
		};
		866D5FAD2C14BDC60052AA97 /* Products */ = {
			isa = PBXGroup;
			children = (
				866D5FAC2C14BDC60052AA97 /* Internet-SUI.app */,
			);
			name = Products;
			sourceTree = "<group>";
		};
		866D5FAE2C14BDC60052AA97 /* Internet-SUI */ = {
			isa = PBXGroup;
			children = (
				866D5FAF2C14BDC60052AA97 /* Internet_SUIApp.swift */,
				866D5FB12C14BDC60052AA97 /* ContentView.swift */,
				866D5FB32C14BDC80052AA97 /* Assets.xcassets */,
				866D5FB52C14BDC80052AA97 /* Preview Content */,
				866D5FC02C14C06A0052AA97 /* InternetMonitor.swift */,
			);
			path = "Internet-SUI";
			sourceTree = "<group>";
		};
		866D5FB52C14BDC80052AA97 /* Preview Content */ = {
			isa = PBXGroup;
			children = (
				866D5FB62C14BDC80052AA97 /* Preview Assets.xcassets */,
			);
			path = "Preview Content";
			sourceTree = "<group>";
		};
		866D5FBD2C14C0060052AA97 /* Frameworks */ = {
			isa = PBXGroup;
			children = (
				866D5FBE2C14C0060052AA97 /* Network.framework */,
			);
			name = Frameworks;
			sourceTree = "<group>";
		};
/* End PBXGroup section */

/* Begin PBXNativeTarget section */
		866D5FAB2C14BDC60052AA97 /* Internet-SUI */ = {
			isa = PBXNativeTarget;
			buildConfigurationList = 866D5FBA2C14BDC80052AA97 /* Build configuration list for PBXNativeTarget "Internet-SUI" */;
			buildPhases = (
				866D5FA82C14BDC60052AA97 /* Sources */,
				866D5FA92C14BDC60052AA97 /* Frameworks */,
				866D5FAA2C14BDC60052AA97 /* Resources */,
			);
			buildRules = (
			);
			dependencies = (
			);
			name = "Internet-SUI";
			productName = "Internet-SUI";
			productReference = 866D5FAC2C14BDC60052AA97 /* Internet-SUI.app */;
			productType = "com.apple.product-type.application";
		};
/* End PBXNativeTarget section */

/* Begin PBXProject section */
		866D5FA42C14BDC60052AA97 /* Project object */ = {
			isa = PBXProject;
			attributes = {
				BuildIndependentTargetsInParallel = 1;
				LastSwiftUpdateCheck = 1420;
				LastUpgradeCheck = 1420;
				TargetAttributes = {
					866D5FAB2C14BDC60052AA97 = {
						CreatedOnToolsVersion = 14.2;
					};
				};
			};
			buildConfigurationList = 866D5FA72C14BDC60052AA97 /* Build configuration list for PBXProject "Internet-SUI" */;
			compatibilityVersion = "Xcode 14.0";
			developmentRegion = en;
			hasScannedForEncodings = 0;
			knownRegions = (
				en,
				Base,
			);
			mainGroup = 866D5FA32C14BDC60052AA97;
			productRefGroup = 866D5FAD2C14BDC60052AA97 /* Products */;
			projectDirPath = "";
			projectRoot = "";
			targets = (
				866D5FAB2C14BDC60052AA97 /* Internet-SUI */,
			);
		};
/* End PBXProject section */

/* Begin PBXResourcesBuildPhase section */
		866D5FAA2C14BDC60052AA97 /* Resources */ = {
			isa = PBXResourcesBuildPhase;
			buildActionMask = 2147483647;
			files = (
				866D5FB72C14BDC80052AA97 /* Preview Assets.xcassets in Resources */,
				866D5FB42C14BDC80052AA97 /* Assets.xcassets in Resources */,
			);
			runOnlyForDeploymentPostprocessing = 0;
		};
/* End PBXResourcesBuildPhase section */

/* Begin PBXSourcesBuildPhase section */
		866D5FA82C14BDC60052AA97 /* Sources */ = {
			isa = PBXSourcesBuildPhase;
			buildActionMask = 2147483647;
			files = (
				866D5FC12C14C06A0052AA97 /* InternetMonitor.swift in Sources */,
				866D5FB22C14BDC60052AA97 /* ContentView.swift in Sources */,
				866D5FB02C14BDC60052AA97 /* Internet_SUIApp.swift in Sources */,
			);
			runOnlyForDeploymentPostprocessing = 0;
		};
/* End PBXSourcesBuildPhase section */

/* Begin XCBuildConfiguration section */
		866D5FB82C14BDC80052AA97 /* Debug */ = {
			isa = XCBuildConfiguration;
			buildSettings = {
				ALWAYS_SEARCH_USER_PATHS = NO;
				CLANG_ANALYZER_NONNULL = YES;
				CLANG_ANALYZER_NUMBER_OBJECT_CONVERSION = YES_AGGRESSIVE;
				CLANG_CXX_LANGUAGE_STANDARD = "gnu++20";
				CLANG_ENABLE_MODULES = YES;
				CLANG_ENABLE_OBJC_ARC = YES;
				CLANG_ENABLE_OBJC_WEAK = YES;
				CLANG_WARN_BLOCK_CAPTURE_AUTORELEASING = YES;
				CLANG_WARN_BOOL_CONVERSION = YES;
				CLANG_WARN_COMMA = YES;
				CLANG_WARN_CONSTANT_CONVERSION = YES;
				CLANG_WARN_DEPRECATED_OBJC_IMPLEMENTATIONS = YES;
				CLANG_WARN_DIRECT_OBJC_ISA_USAGE = YES_ERROR;
				CLANG_WARN_DOCUMENTATION_COMMENTS = YES;
				CLANG_WARN_EMPTY_BODY = YES;
				CLANG_WARN_ENUM_CONVERSION = YES;
				CLANG_WARN_INFINITE_RECURSION = YES;
				CLANG_WARN_INT_CONVERSION = YES;
				CLANG_WARN_NON_LITERAL_NULL_CONVERSION = YES;
				CLANG_WARN_OBJC_IMPLICIT_RETAIN_SELF = YES;
				CLANG_WARN_OBJC_LITERAL_CONVERSION = YES;
				CLANG_WARN_OBJC_ROOT_CLASS = YES_ERROR;
				CLANG_WARN_QUOTED_INCLUDE_IN_FRAMEWORK_HEADER = YES;
				CLANG_WARN_RANGE_LOOP_ANALYSIS = YES;
				CLANG_WARN_STRICT_PROTOTYPES = YES;
				CLANG_WARN_SUSPICIOUS_MOVE = YES;
				CLANG_WARN_UNGUARDED_AVAILABILITY = YES_AGGRESSIVE;
				CLANG_WARN_UNREACHABLE_CODE = YES;
				CLANG_WARN__DUPLICATE_METHOD_MATCH = YES;
				COPY_PHASE_STRIP = NO;
				DEBUG_INFORMATION_FORMAT = dwarf;
				ENABLE_STRICT_OBJC_MSGSEND = YES;
				ENABLE_TESTABILITY = YES;
				GCC_C_LANGUAGE_STANDARD = gnu11;
				GCC_DYNAMIC_NO_PIC = NO;
				GCC_NO_COMMON_BLOCKS = YES;
				GCC_OPTIMIZATION_LEVEL = 0;
				GCC_PREPROCESSOR_DEFINITIONS = (
					"DEBUG=1",
					"$(inherited)",
				);
				GCC_WARN_64_TO_32_BIT_CONVERSION = YES;
				GCC_WARN_ABOUT_RETURN_TYPE = YES_ERROR;
				GCC_WARN_UNDECLARED_SELECTOR = YES;
				GCC_WARN_UNINITIALIZED_AUTOS = YES_AGGRESSIVE;
				GCC_WARN_UNUSED_FUNCTION = YES;
				GCC_WARN_UNUSED_VARIABLE = YES;
				IPHONEOS_DEPLOYMENT_TARGET = 16.2;
				MTL_ENABLE_DEBUG_INFO = INCLUDE_SOURCE;
				MTL_FAST_MATH = YES;
				ONLY_ACTIVE_ARCH = YES;
				SDKROOT = iphoneos;
				SWIFT_ACTIVE_COMPILATION_CONDITIONS = DEBUG;
				SWIFT_OPTIMIZATION_LEVEL = "-Onone";
			};
			name = Debug;
		};
		866D5FB92C14BDC80052AA97 /* Release */ = {
			isa = XCBuildConfiguration;
			buildSettings = {
				ALWAYS_SEARCH_USER_PATHS = NO;
				CLANG_ANALYZER_NONNULL = YES;
				CLANG_ANALYZER_NUMBER_OBJECT_CONVERSION = YES_AGGRESSIVE;
				CLANG_CXX_LANGUAGE_STANDARD = "gnu++20";
				CLANG_ENABLE_MODULES = YES;
				CLANG_ENABLE_OBJC_ARC = YES;
				CLANG_ENABLE_OBJC_WEAK = YES;
				CLANG_WARN_BLOCK_CAPTURE_AUTORELEASING = YES;
				CLANG_WARN_BOOL_CONVERSION = YES;
				CLANG_WARN_COMMA = YES;
				CLANG_WARN_CONSTANT_CONVERSION = YES;
				CLANG_WARN_DEPRECATED_OBJC_IMPLEMENTATIONS = YES;
				CLANG_WARN_DIRECT_OBJC_ISA_USAGE = YES_ERROR;
				CLANG_WARN_DOCUMENTATION_COMMENTS = YES;
				CLANG_WARN_EMPTY_BODY = YES;
				CLANG_WARN_ENUM_CONVERSION = YES;
				CLANG_WARN_INFINITE_RECURSION = YES;
				CLANG_WARN_INT_CONVERSION = YES;
				CLANG_WARN_NON_LITERAL_NULL_CONVERSION = YES;
				CLANG_WARN_OBJC_IMPLICIT_RETAIN_SELF = YES;
				CLANG_WARN_OBJC_LITERAL_CONVERSION = YES;
				CLANG_WARN_OBJC_ROOT_CLASS = YES_ERROR;
				CLANG_WARN_QUOTED_INCLUDE_IN_FRAMEWORK_HEADER = YES;
				CLANG_WARN_RANGE_LOOP_ANALYSIS = YES;
				CLANG_WARN_STRICT_PROTOTYPES = YES;
				CLANG_WARN_SUSPICIOUS_MOVE = YES;
				CLANG_WARN_UNGUARDED_AVAILABILITY = YES_AGGRESSIVE;
				CLANG_WARN_UNREACHABLE_CODE = YES;
				CLANG_WARN__DUPLICATE_METHOD_MATCH = YES;
				COPY_PHASE_STRIP = NO;
				DEBUG_INFORMATION_FORMAT = "dwarf-with-dsym";
				ENABLE_NS_ASSERTIONS = NO;
				ENABLE_STRICT_OBJC_MSGSEND = YES;
				GCC_C_LANGUAGE_STANDARD = gnu11;
				GCC_NO_COMMON_BLOCKS = YES;
				GCC_WARN_64_TO_32_BIT_CONVERSION = YES;
				GCC_WARN_ABOUT_RETURN_TYPE = YES_ERROR;
				GCC_WARN_UNDECLARED_SELECTOR = YES;
				GCC_WARN_UNINITIALIZED_AUTOS = YES_AGGRESSIVE;
				GCC_WARN_UNUSED_FUNCTION = YES;
				GCC_WARN_UNUSED_VARIABLE = YES;
				IPHONEOS_DEPLOYMENT_TARGET = 16.2;
				MTL_ENABLE_DEBUG_INFO = NO;
				MTL_FAST_MATH = YES;
				SDKROOT = iphoneos;
				SWIFT_COMPILATION_MODE = wholemodule;
				SWIFT_OPTIMIZATION_LEVEL = "-O";
				VALIDATE_PRODUCT = YES;
			};
			name = Release;
		};
		866D5FBB2C14BDC80052AA97 /* Debug */ = {
			isa = XCBuildConfiguration;
			buildSettings = {
				ASSETCATALOG_COMPILER_APPICON_NAME = AppIcon;
				ASSETCATALOG_COMPILER_GLOBAL_ACCENT_COLOR_NAME = AccentColor;
				CODE_SIGN_STYLE = Automatic;
				CURRENT_PROJECT_VERSION = 1;
				DEVELOPMENT_ASSET_PATHS = "\"Internet-SUI/Preview Content\"";
				DEVELOPMENT_TEAM = 567FDZM4P9;
				ENABLE_PREVIEWS = YES;
				GENERATE_INFOPLIST_FILE = YES;
				INFOPLIST_KEY_UIApplicationSceneManifest_Generation = YES;
				INFOPLIST_KEY_UIApplicationSupportsIndirectInputEvents = YES;
				INFOPLIST_KEY_UILaunchScreen_Generation = YES;
				INFOPLIST_KEY_UISupportedInterfaceOrientations_iPad = "UIInterfaceOrientationPortrait UIInterfaceOrientationPortraitUpsideDown UIInterfaceOrientationLandscapeLeft UIInterfaceOrientationLandscapeRight";
				INFOPLIST_KEY_UISupportedInterfaceOrientations_iPhone = "UIInterfaceOrientationPortrait UIInterfaceOrientationLandscapeLeft UIInterfaceOrientationLandscapeRight";
				LD_RUNPATH_SEARCH_PATHS = (
					"$(inherited)",
					"@executable_path/Frameworks",
				);
				MARKETING_VERSION = 1.0;
				PRODUCT_BUNDLE_IDENTIFIER = "martinez.andres.Internet-SUI";
				PRODUCT_NAME = "$(TARGET_NAME)";
				SWIFT_EMIT_LOC_STRINGS = YES;
				SWIFT_VERSION = 5.0;
				TARGETED_DEVICE_FAMILY = "1,2";
			};
			name = Debug;
		};
		866D5FBC2C14BDC80052AA97 /* Release */ = {
			isa = XCBuildConfiguration;
			buildSettings = {
				ASSETCATALOG_COMPILER_APPICON_NAME = AppIcon;
				ASSETCATALOG_COMPILER_GLOBAL_ACCENT_COLOR_NAME = AccentColor;
				CODE_SIGN_STYLE = Automatic;
				CURRENT_PROJECT_VERSION = 1;
				DEVELOPMENT_ASSET_PATHS = "\"Internet-SUI/Preview Content\"";
				DEVELOPMENT_TEAM = 567FDZM4P9;
				ENABLE_PREVIEWS = YES;
				GENERATE_INFOPLIST_FILE = YES;
				INFOPLIST_KEY_UIApplicationSceneManifest_Generation = YES;
				INFOPLIST_KEY_UIApplicationSupportsIndirectInputEvents = YES;
				INFOPLIST_KEY_UILaunchScreen_Generation = YES;
				INFOPLIST_KEY_UISupportedInterfaceOrientations_iPad = "UIInterfaceOrientationPortrait UIInterfaceOrientationPortraitUpsideDown UIInterfaceOrientationLandscapeLeft UIInterfaceOrientationLandscapeRight";
				INFOPLIST_KEY_UISupportedInterfaceOrientations_iPhone = "UIInterfaceOrientationPortrait UIInterfaceOrientationLandscapeLeft UIInterfaceOrientationLandscapeRight";
				LD_RUNPATH_SEARCH_PATHS = (
					"$(inherited)",
					"@executable_path/Frameworks",
				);
				MARKETING_VERSION = 1.0;
				PRODUCT_BUNDLE_IDENTIFIER = "martinez.andres.Internet-SUI";
				PRODUCT_NAME = "$(TARGET_NAME)";
				SWIFT_EMIT_LOC_STRINGS = YES;
				SWIFT_VERSION = 5.0;
				TARGETED_DEVICE_FAMILY = "1,2";
			};
			name = Release;
		};
/* End XCBuildConfiguration section */

/* Begin XCConfigurationList section */
		866D5FA72C14BDC60052AA97 /* Build configuration list for PBXProject "Internet-SUI" */ = {
			isa = XCConfigurationList;
			buildConfigurations = (
				866D5FB82C14BDC80052AA97 /* Debug */,
				866D5FB92C14BDC80052AA97 /* Release */,
			);
			defaultConfigurationIsVisible = 0;
			defaultConfigurationName = Release;
		};
		866D5FBA2C14BDC80052AA97 /* Build configuration list for PBXNativeTarget "Internet-SUI" */ = {
			isa = XCConfigurationList;
			buildConfigurations = (
				866D5FBB2C14BDC80052AA97 /* Debug */,
				866D5FBC2C14BDC80052AA97 /* Release */,
			);
			defaultConfigurationIsVisible = 0;
			defaultConfigurationName = Release;
		};
/* End XCConfigurationList section */
	};
	rootObject = 866D5FA42C14BDC60052AA97 /* Project object */;
}
